
Microsoft Visual Studio Solution File, Format Version 12.00
# Visual Studio Version 17
VisualStudioVersion = 17.9.34902.65
MinimumVisualStudioVersion = 10.0.40219.1
Project("{FAE04EC0-301F-11D3-BF4B-00C04F79EFBC}") = "OpenSky", "OpenSky.csproj", "{F32564C1-5EF0-48C2-9706-BC711C41CF9E}"
EndProject
Global
	GlobalSection(SolutionConfigurationPlatforms) = preSolution
		Debug|Any CPU = Debug|Any CPU
		Release|Any CPU = Release|Any CPU
	EndGlobalSection
	GlobalSection(ProjectConfigurationPlatforms) = postSolution
		{F32564C1-5EF0-48C2-9706-BC711C41CF9E}.Debug|Any CPU.ActiveCfg = Debug|Any CPU
		{F32564C1-5EF0-48C2-9706-BC711C41CF9E}.Debug|Any CPU.Build.0 = Debug|Any CPU
		{F32564C1-5EF0-48C2-9706-BC711C41CF9E}.Release|Any CPU.ActiveCfg = Release|Any CPU
		{F32564C1-5EF0-48C2-9706-BC711C41CF9E}.Release|Any CPU.Build.0 = Release|Any CPU
	EndGlobalSection
	GlobalSection(SolutionProperties) = preSolution
		HideSolutionNode = FALSE
	EndGlobalSection
	GlobalSection(ExtensibilityGlobals) = postSolution
		SolutionGuid = {79F78177-A838-43CF-B8DA-438F7A893081}
	EndGlobalSection
EndGlobal
